
Microsoft Visual Studio Solution File, Format Version 12.00
# Visual Studio Version 16
VisualStudioVersion = 16.0.29209.62
MinimumVisualStudioVersion = 10.0.40219.1
Project("{FAE04EC0-301F-11D3-BF4B-00C04F79EFBC}") = "Snake", "Snake\Snake.csproj", "{5C057449-4897-464B-854C-85C3EEFA3495}"
EndProject
Global
	GlobalSection(SolutionConfigurationPlatforms) = preSolution
		Debug|Any CPU = Debug|Any CPU
		Release|Any CPU = Release|Any CPU
	EndGlobalSection
	GlobalSection(ProjectConfigurationPlatforms) = postSolution
		{5C057449-4897-464B-854C-85C3EEFA3495}.Debug|Any CPU.ActiveCfg = Debug|Any CPU
		{5C057449-4897-464B-854C-85C3EEFA3495}.Debug|Any CPU.Build.0 = Debug|Any CPU
		{5C057449-4897-464B-854C-85C3EEFA3495}.Release|Any CPU.ActiveCfg = Release|Any CPU
		{5C057449-4897-464B-854C-85C3EEFA3495}.Release|Any CPU.Build.0 = Release|Any CPU
	EndGlobalSection
	GlobalSection(SolutionProperties) = preSolution
		HideSolutionNode = FALSE
	EndGlobalSection
	GlobalSection(ExtensibilityGlobals) = postSolution
		SolutionGuid = {6A181138-B63C-4C11-A63B-C3936C7F5A67}
	EndGlobalSection
EndGlobal
